
Microsoft Visual Studio Solution File, Format Version 12.00
# Visual Studio 15
VisualStudioVersion = 15.0.28307.168
MinimumVisualStudioVersion = 10.0.40219.1
Project("{FAE04EC0-301F-11D3-BF4B-00C04F79EFBC}") = "ClassAct9", "ClassAct9\ClassAct9.csproj", "{4B7BFEFA-DF5D-4A86-95BB-0F58CDAD29C4}"
EndProject
Global
	GlobalSection(SolutionConfigurationPlatforms) = preSolution
		Debug|Any CPU = Debug|Any CPU
		Release|Any CPU = Release|Any CPU
	EndGlobalSection
	GlobalSection(ProjectConfigurationPlatforms) = postSolution
		{4B7BFEFA-DF5D-4A86-95BB-0F58CDAD29C4}.Debug|Any CPU.ActiveCfg = Debug|Any CPU
		{4B7BFEFA-DF5D-4A86-95BB-0F58CDAD29C4}.Debug|Any CPU.Build.0 = Debug|Any CPU
		{4B7BFEFA-DF5D-4A86-95BB-0F58CDAD29C4}.Debug|Any CPU.Deploy.0 = Debug|Any CPU
		{4B7BFEFA-DF5D-4A86-95BB-0F58CDAD29C4}.Release|Any CPU.ActiveCfg = Release|Any CPU
		{4B7BFEFA-DF5D-4A86-95BB-0F58CDAD29C4}.Release|Any CPU.Build.0 = Release|Any CPU
		{4B7BFEFA-DF5D-4A86-95BB-0F58CDAD29C4}.Release|Any CPU.Deploy.0 = Release|Any CPU
	EndGlobalSection
	GlobalSection(SolutionProperties) = preSolution
		HideSolutionNode = FALSE
	EndGlobalSection
	GlobalSection(ExtensibilityGlobals) = postSolution
		SolutionGuid = {3E19CCD7-D1E0-4909-869D-D81B82C9ED5E}
	EndGlobalSection
EndGlobal
